// !$*UTF8*$!
{
	archiveVersion = 1;
	classes = {
	};
	objectVersion = 50;
	objects = {

/* Begin PBXBuildFile section */
		D47B7FEE2585B60000C63AB0 /* AppDelegate.swift in Sources */ = {isa = PBXBuildFile; fileRef = D47B7FED2585B60000C63AB0 /* AppDelegate.swift */; };
		D47B7FF02585B60000C63AB0 /* SceneDelegate.swift in Sources */ = {isa = PBXBuildFile; fileRef = D47B7FEF2585B60000C63AB0 /* SceneDelegate.swift */; };
		D47B7FF22585B60000C63AB0 /* ViewController.swift in Sources */ = {isa = PBXBuildFile; fileRef = D47B7FF12585B60000C63AB0 /* ViewController.swift */; };
		D47B7FF52585B60000C63AB0 /* Main.storyboard in Resources */ = {isa = PBXBuildFile; fileRef = D47B7FF32585B60000C63AB0 /* Main.storyboard */; };
		D47B7FF82585B60000C63AB0 /* SampleApp.xcdatamodeld in Sources */ = {isa = PBXBuildFile; fileRef = D47B7FF62585B60000C63AB0 /* SampleApp.xcdatamodeld */; };
		D47B7FFA2585B60400C63AB0 /* Assets.xcassets in Resources */ = {isa = PBXBuildFile; fileRef = D47B7FF92585B60400C63AB0 /* Assets.xcassets */; };
		D47B7FFD2585B60400C63AB0 /* LaunchScreen.storyboard in Resources */ = {isa = PBXBuildFile; fileRef = D47B7FFB2585B60400C63AB0 /* LaunchScreen.storyboard */; };
		D47B80092585B90F00C63AB0 /* TableCell.swift in Sources */ = {isa = PBXBuildFile; fileRef = D47B80082585B90F00C63AB0 /* TableCell.swift */; };
		D47B800F2585DE5100C63AB0 /* AppleMusicLibraryPlayerController.swift in Sources */ = {isa = PBXBuildFile; fileRef = D47B800E2585DE5100C63AB0 /* AppleMusicLibraryPlayerController.swift */; };
		D4AF11A7258DE5C6004F2B6A /* btn.png in Resources */ = {isa = PBXBuildFile; fileRef = D4AF11A6258DE5C6004F2B6A /* btn.png */; };
/* End PBXBuildFile section */

/* Begin PBXFileReference section */
		D47B7FEA2585B60000C63AB0 /* SampleApp.app */ = {isa = PBXFileReference; explicitFileType = wrapper.application; includeInIndex = 0; path = SampleApp.app; sourceTree = BUILT_PRODUCTS_DIR; };
		D47B7FED2585B60000C63AB0 /* AppDelegate.swift */ = {isa = PBXFileReference; lastKnownFileType = sourcecode.swift; path = AppDelegate.swift; sourceTree = "<group>"; };
		D47B7FEF2585B60000C63AB0 /* SceneDelegate.swift */ = {isa = PBXFileReference; lastKnownFileType = sourcecode.swift; path = SceneDelegate.swift; sourceTree = "<group>"; };
		D47B7FF12585B60000C63AB0 /* ViewController.swift */ = {isa = PBXFileReference; lastKnownFileType = sourcecode.swift; path = ViewController.swift; sourceTree = "<group>"; };
		D47B7FF42585B60000C63AB0 /* Base */ = {isa = PBXFileReference; lastKnownFileType = file.storyboard; name = Base; path = Base.lproj/Main.storyboard; sourceTree = "<group>"; };
		D47B7FF72585B60000C63AB0 /* SampleApp.xcdatamodel */ = {isa = PBXFileReference; lastKnownFileType = wrapper.xcdatamodel; path = SampleApp.xcdatamodel; sourceTree = "<group>"; };
		D47B7FF92585B60400C63AB0 /* Assets.xcassets */ = {isa = PBXFileReference; lastKnownFileType = folder.assetcatalog; path = Assets.xcassets; sourceTree = "<group>"; };
		D47B7FFC2585B60400C63AB0 /* Base */ = {isa = PBXFileReference; lastKnownFileType = file.storyboard; name = Base; path = Base.lproj/LaunchScreen.storyboard; sourceTree = "<group>"; };
		D47B7FFE2585B60400C63AB0 /* Info.plist */ = {isa = PBXFileReference; lastKnownFileType = text.plist.xml; path = Info.plist; sourceTree = "<group>"; };
		D47B80082585B90F00C63AB0 /* TableCell.swift */ = {isa = PBXFileReference; lastKnownFileType = sourcecode.swift; path = TableCell.swift; sourceTree = "<group>"; };
		D47B800E2585DE5100C63AB0 /* AppleMusicLibraryPlayerController.swift */ = {isa = PBXFileReference; lastKnownFileType = sourcecode.swift; path = AppleMusicLibraryPlayerController.swift; sourceTree = "<group>"; };
		D4AF11A6258DE5C6004F2B6A /* btn.png */ = {isa = PBXFileReference; lastKnownFileType = image.png; path = btn.png; sourceTree = "<group>"; };
/* End PBXFileReference section */

/* Begin PBXFrameworksBuildPhase section */
		D47B7FE72585B60000C63AB0 /* Frameworks */ = {
			isa = PBXFrameworksBuildPhase;
			buildActionMask = 2147483647;
			files = (
			);
			runOnlyForDeploymentPostprocessing = 0;
		};
/* End PBXFrameworksBuildPhase section */

/* Begin PBXGroup section */
		D47B7FE12585B60000C63AB0 = {
			isa = PBXGroup;
			children = (
				D47B7FEC2585B60000C63AB0 /* SampleApp */,
				D47B7FEB2585B60000C63AB0 /* Products */,
			);
			sourceTree = "<group>";
		};
		D47B7FEB2585B60000C63AB0 /* Products */ = {
			isa = PBXGroup;
			children = (
				D47B7FEA2585B60000C63AB0 /* SampleApp.app */,
			);
			name = Products;
			sourceTree = "<group>";
		};
		D47B7FEC2585B60000C63AB0 /* SampleApp */ = {
			isa = PBXGroup;
			children = (
				D4AF11A5258DE595004F2B6A /* Resources */,
				D47B80052585B6D800C63AB0 /* ViewController */,
				D47B80082585B90F00C63AB0 /* TableCell.swift */,
				D47B7FED2585B60000C63AB0 /* AppDelegate.swift */,
				D47B7FEF2585B60000C63AB0 /* SceneDelegate.swift */,
				D47B7FF32585B60000C63AB0 /* Main.storyboard */,
				D47B7FF92585B60400C63AB0 /* Assets.xcassets */,
				D47B7FFB2585B60400C63AB0 /* LaunchScreen.storyboard */,
				D47B7FFE2585B60400C63AB0 /* Info.plist */,
				D47B7FF62585B60000C63AB0 /* SampleApp.xcdatamodeld */,
			);
			path = SampleApp;
			sourceTree = "<group>";
		};
		D47B80052585B6D800C63AB0 /* ViewController */ = {
			isa = PBXGroup;
			children = (
				D47B7FF12585B60000C63AB0 /* ViewController.swift */,
				D47B800E2585DE5100C63AB0 /* AppleMusicLibraryPlayerController.swift */,
			);
			path = ViewController;
			sourceTree = "<group>";
		};
		D4AF11A5258DE595004F2B6A /* Resources */ = {
			isa = PBXGroup;
			children = (
				D4AF11A6258DE5C6004F2B6A /* btn.png */,
			);
			path = Resources;
			sourceTree = "<group>";
		};
/* End PBXGroup section */

/* Begin PBXNativeTarget section */
		D47B7FE92585B60000C63AB0 /* SampleApp */ = {
			isa = PBXNativeTarget;
			buildConfigurationList = D47B80012585B60400C63AB0 /* Build configuration list for PBXNativeTarget "SampleApp" */;
			buildPhases = (
				D47B7FE62585B60000C63AB0 /* Sources */,
				D47B7FE72585B60000C63AB0 /* Frameworks */,
				D47B7FE82585B60000C63AB0 /* Resources */,
			);
			buildRules = (
			);
			dependencies = (
			);
			name = SampleApp;
			productName = SampleApp;
			productReference = D47B7FEA2585B60000C63AB0 /* SampleApp.app */;
			productType = "com.apple.product-type.application";
		};
/* End PBXNativeTarget section */

/* Begin PBXProject section */
		D47B7FE22585B60000C63AB0 /* Project object */ = {
			isa = PBXProject;
			attributes = {
				LastSwiftUpdateCheck = 1220;
				LastUpgradeCheck = 1220;
				TargetAttributes = {
					D47B7FE92585B60000C63AB0 = {
						CreatedOnToolsVersion = 12.2;
					};
				};
			};
			buildConfigurationList = D47B7FE52585B60000C63AB0 /* Build configuration list for PBXProject "SampleApp" */;
			compatibilityVersion = "Xcode 9.3";
			developmentRegion = en;
			hasScannedForEncodings = 0;
			knownRegions = (
				en,
				Base,
			);
			mainGroup = D47B7FE12585B60000C63AB0;
			productRefGroup = D47B7FEB2585B60000C63AB0 /* Products */;
			projectDirPath = "";
			projectRoot = "";
			targets = (
				D47B7FE92585B60000C63AB0 /* SampleApp */,
			);
		};
/* End PBXProject section */

/* Begin PBXResourcesBuildPhase section */
		D47B7FE82585B60000C63AB0 /* Resources */ = {
			isa = PBXResourcesBuildPhase;
			buildActionMask = 2147483647;
			files = (
				D47B7FFD2585B60400C63AB0 /* LaunchScreen.storyboard in Resources */,
				D47B7FFA2585B60400C63AB0 /* Assets.xcassets in Resources */,
				D4AF11A7258DE5C6004F2B6A /* btn.png in Resources */,
				D47B7FF52585B60000C63AB0 /* Main.storyboard in Resources */,
			);
			runOnlyForDeploymentPostprocessing = 0;
		};
/* End PBXResourcesBuildPhase section */

/* Begin PBXSourcesBuildPhase section */
		D47B7FE62585B60000C63AB0 /* Sources */ = {
			isa = PBXSourcesBuildPhase;
			buildActionMask = 2147483647;
			files = (
				D47B80092585B90F00C63AB0 /* TableCell.swift in Sources */,
				D47B7FF22585B60000C63AB0 /* ViewController.swift in Sources */,
				D47B7FF82585B60000C63AB0 /* SampleApp.xcdatamodeld in Sources */,
				D47B7FEE2585B60000C63AB0 /* AppDelegate.swift in Sources */,
				D47B7FF02585B60000C63AB0 /* SceneDelegate.swift in Sources */,
				D47B800F2585DE5100C63AB0 /* AppleMusicLibraryPlayerController.swift in Sources */,
			);
			runOnlyForDeploymentPostprocessing = 0;
		};
/* End PBXSourcesBuildPhase section */

/* Begin PBXVariantGroup section */
		D47B7FF32585B60000C63AB0 /* Main.storyboard */ = {
			isa = PBXVariantGroup;
			children = (
				D47B7FF42585B60000C63AB0 /* Base */,
			);
			name = Main.storyboard;
			sourceTree = "<group>";
		};
		D47B7FFB2585B60400C63AB0 /* LaunchScreen.storyboard */ = {
			isa = PBXVariantGroup;
			children = (
				D47B7FFC2585B60400C63AB0 /* Base */,
			);
			name = LaunchScreen.storyboard;
			sourceTree = "<group>";
		};
/* End PBXVariantGroup section */

/* Begin XCBuildConfiguration section */
		D47B7FFF2585B60400C63AB0 /* Debug */ = {
			isa = XCBuildConfiguration;
			buildSettings = {
				ALWAYS_SEARCH_USER_PATHS = NO;
				CLANG_ANALYZER_NONNULL = YES;
				CLANG_ANALYZER_NUMBER_OBJECT_CONVERSION = YES_AGGRESSIVE;
				CLANG_CXX_LANGUAGE_STANDARD = "gnu++14";
				CLANG_CXX_LIBRARY = "libc++";
				CLANG_ENABLE_MODULES = YES;
				CLANG_ENABLE_OBJC_ARC = YES;
				CLANG_ENABLE_OBJC_WEAK = YES;
				CLANG_WARN_BLOCK_CAPTURE_AUTORELEASING = YES;
				CLANG_WARN_BOOL_CONVERSION = YES;
				CLANG_WARN_COMMA = YES;
				CLANG_WARN_CONSTANT_CONVERSION = YES;
				CLANG_WARN_DEPRECATED_OBJC_IMPLEMENTATIONS = YES;
				CLANG_WARN_DIRECT_OBJC_ISA_USAGE = YES_ERROR;
				CLANG_WARN_DOCUMENTATION_COMMENTS = YES;
				CLANG_WARN_EMPTY_BODY = YES;
				CLANG_WARN_ENUM_CONVERSION = YES;
				CLANG_WARN_INFINITE_RECURSION = YES;
				CLANG_WARN_INT_CONVERSION = YES;
				CLANG_WARN_NON_LITERAL_NULL_CONVERSION = YES;
				CLANG_WARN_OBJC_IMPLICIT_RETAIN_SELF = YES;
				CLANG_WARN_OBJC_LITERAL_CONVERSION = YES;
				CLANG_WARN_OBJC_ROOT_CLASS = YES_ERROR;
				CLANG_WARN_QUOTED_INCLUDE_IN_FRAMEWORK_HEADER = YES;
				CLANG_WARN_RANGE_LOOP_ANALYSIS = YES;
				CLANG_WARN_STRICT_PROTOTYPES = YES;
				CLANG_WARN_SUSPICIOUS_MOVE = YES;
				CLANG_WARN_UNGUARDED_AVAILABILITY = YES_AGGRESSIVE;
				CLANG_WARN_UNREACHABLE_CODE = YES;
				CLANG_WARN__DUPLICATE_METHOD_MATCH = YES;
				COPY_PHASE_STRIP = NO;
				DEBUG_INFORMATION_FORMAT = dwarf;
				ENABLE_STRICT_OBJC_MSGSEND = YES;
				ENABLE_TESTABILITY = YES;
				GCC_C_LANGUAGE_STANDARD = gnu11;
				GCC_DYNAMIC_NO_PIC = NO;
				GCC_NO_COMMON_BLOCKS = YES;
				GCC_OPTIMIZATION_LEVEL = 0;
				GCC_PREPROCESSOR_DEFINITIONS = (
					"DEBUG=1",
					"$(inherited)",
				);
				GCC_WARN_64_TO_32_BIT_CONVERSION = YES;
				GCC_WARN_ABOUT_RETURN_TYPE = YES_ERROR;
				GCC_WARN_UNDECLARED_SELECTOR = YES;
				GCC_WARN_UNINITIALIZED_AUTOS = YES_AGGRESSIVE;
				GCC_WARN_UNUSED_FUNCTION = YES;
				GCC_WARN_UNUSED_VARIABLE = YES;
				IPHONEOS_DEPLOYMENT_TARGET = 14.2;
				MTL_ENABLE_DEBUG_INFO = INCLUDE_SOURCE;
				MTL_FAST_MATH = YES;
				ONLY_ACTIVE_ARCH = YES;
				SDKROOT = iphoneos;
				SWIFT_ACTIVE_COMPILATION_CONDITIONS = DEBUG;
				SWIFT_OPTIMIZATION_LEVEL = "-Onone";
			};
			name = Debug;
		};
		D47B80002585B60400C63AB0 /* Release */ = {
			isa = XCBuildConfiguration;
			buildSettings = {
				ALWAYS_SEARCH_USER_PATHS = NO;
				CLANG_ANALYZER_NONNULL = YES;
				CLANG_ANALYZER_NUMBER_OBJECT_CONVERSION = YES_AGGRESSIVE;
				CLANG_CXX_LANGUAGE_STANDARD = "gnu++14";
				CLANG_CXX_LIBRARY = "libc++";
				CLANG_ENABLE_MODULES = YES;
				CLANG_ENABLE_OBJC_ARC = YES;
				CLANG_ENABLE_OBJC_WEAK = YES;
				CLANG_WARN_BLOCK_CAPTURE_AUTORELEASING = YES;
				CLANG_WARN_BOOL_CONVERSION = YES;
				CLANG_WARN_COMMA = YES;
				CLANG_WARN_CONSTANT_CONVERSION = YES;
				CLANG_WARN_DEPRECATED_OBJC_IMPLEMENTATIONS = YES;
				CLANG_WARN_DIRECT_OBJC_ISA_USAGE = YES_ERROR;
				CLANG_WARN_DOCUMENTATION_COMMENTS = YES;
				CLANG_WARN_EMPTY_BODY = YES;
				CLANG_WARN_ENUM_CONVERSION = YES;
				CLANG_WARN_INFINITE_RECURSION = YES;
				CLANG_WARN_INT_CONVERSION = YES;
				CLANG_WARN_NON_LITERAL_NULL_CONVERSION = YES;
				CLANG_WARN_OBJC_IMPLICIT_RETAIN_SELF = YES;
				CLANG_WARN_OBJC_LITERAL_CONVERSION = YES;
				CLANG_WARN_OBJC_ROOT_CLASS = YES_ERROR;
				CLANG_WARN_QUOTED_INCLUDE_IN_FRAMEWORK_HEADER = YES;
				CLANG_WARN_RANGE_LOOP_ANALYSIS = YES;
				CLANG_WARN_STRICT_PROTOTYPES = YES;
				CLANG_WARN_SUSPICIOUS_MOVE = YES;
				CLANG_WARN_UNGUARDED_AVAILABILITY = YES_AGGRESSIVE;
				CLANG_WARN_UNREACHABLE_CODE = YES;
				CLANG_WARN__DUPLICATE_METHOD_MATCH = YES;
				COPY_PHASE_STRIP = NO;
				DEBUG_INFORMATION_FORMAT = "dwarf-with-dsym";
				ENABLE_NS_ASSERTIONS = NO;
				ENABLE_STRICT_OBJC_MSGSEND = YES;
				GCC_C_LANGUAGE_STANDARD = gnu11;
				GCC_NO_COMMON_BLOCKS = YES;
				GCC_WARN_64_TO_32_BIT_CONVERSION = YES;
				GCC_WARN_ABOUT_RETURN_TYPE = YES_ERROR;
				GCC_WARN_UNDECLARED_SELECTOR = YES;
				GCC_WARN_UNINITIALIZED_AUTOS = YES_AGGRESSIVE;
				GCC_WARN_UNUSED_FUNCTION = YES;
				GCC_WARN_UNUSED_VARIABLE = YES;
				IPHONEOS_DEPLOYMENT_TARGET = 14.2;
				MTL_ENABLE_DEBUG_INFO = NO;
				MTL_FAST_MATH = YES;
				SDKROOT = iphoneos;
				SWIFT_COMPILATION_MODE = wholemodule;
				SWIFT_OPTIMIZATION_LEVEL = "-O";
				VALIDATE_PRODUCT = YES;
			};
			name = Release;
		};
		D47B80022585B60400C63AB0 /* Debug */ = {
			isa = XCBuildConfiguration;
			buildSettings = {
				ASSETCATALOG_COMPILER_APPICON_NAME = AppIcon;
				ASSETCATALOG_COMPILER_GLOBAL_ACCENT_COLOR_NAME = AccentColor;
				CODE_SIGN_STYLE = Automatic;
				DEVELOPMENT_TEAM = 4AM2MKURD3;
				INFOPLIST_FILE = SampleApp/Info.plist;
				LD_RUNPATH_SEARCH_PATHS = (
					"$(inherited)",
					"@executable_path/Frameworks",
				);
				PRODUCT_BUNDLE_IDENTIFIER = com.hilu0318;
				PRODUCT_NAME = "$(TARGET_NAME)";
				SWIFT_VERSION = 5.0;
				TARGETED_DEVICE_FAMILY = "1,2";
			};
			name = Debug;
		};
		D47B80032585B60400C63AB0 /* Release */ = {
			isa = XCBuildConfiguration;
			buildSettings = {
				ASSETCATALOG_COMPILER_APPICON_NAME = AppIcon;
				ASSETCATALOG_COMPILER_GLOBAL_ACCENT_COLOR_NAME = AccentColor;
				CODE_SIGN_STYLE = Automatic;
				DEVELOPMENT_TEAM = 4AM2MKURD3;
				INFOPLIST_FILE = SampleApp/Info.plist;
				LD_RUNPATH_SEARCH_PATHS = (
					"$(inherited)",
					"@executable_path/Frameworks",
				);
				PRODUCT_BUNDLE_IDENTIFIER = com.hilu0318;
				PRODUCT_NAME = "$(TARGET_NAME)";
				SWIFT_VERSION = 5.0;
				TARGETED_DEVICE_FAMILY = "1,2";
			};
			name = Release;
		};
/* End XCBuildConfiguration section */

/* Begin XCConfigurationList section */
		D47B7FE52585B60000C63AB0 /* Build configuration list for PBXProject "SampleApp" */ = {
			isa = XCConfigurationList;
			buildConfigurations = (
				D47B7FFF2585B60400C63AB0 /* Debug */,
				D47B80002585B60400C63AB0 /* Release */,
			);
			defaultConfigurationIsVisible = 0;
			defaultConfigurationName = Release;
		};
		D47B80012585B60400C63AB0 /* Build configuration list for PBXNativeTarget "SampleApp" */ = {
			isa = XCConfigurationList;
			buildConfigurations = (
				D47B80022585B60400C63AB0 /* Debug */,
				D47B80032585B60400C63AB0 /* Release */,
			);
			defaultConfigurationIsVisible = 0;
			defaultConfigurationName = Release;
		};
/* End XCConfigurationList section */

/* Begin XCVersionGroup section */
		D47B7FF62585B60000C63AB0 /* SampleApp.xcdatamodeld */ = {
			isa = XCVersionGroup;
			children = (
				D47B7FF72585B60000C63AB0 /* SampleApp.xcdatamodel */,
			);
			currentVersion = D47B7FF72585B60000C63AB0 /* SampleApp.xcdatamodel */;
			path = SampleApp.xcdatamodeld;
			sourceTree = "<group>";
			versionGroupType = wrapper.xcdatamodel;
		};
/* End XCVersionGroup section */
	};
	rootObject = D47B7FE22585B60000C63AB0 /* Project object */;
}
